
Microsoft Visual Studio Solution File, Format Version 12.00
# Visual Studio Version 17
VisualStudioVersion = 17.9.34723.18
MinimumVisualStudioVersion = 10.0.40219.1
Project("{9A19103F-16F7-4668-BE54-9A1E7A4F7556}") = "skinet", "skinet\skinet.csproj", "{3E00FB36-6435-48C8-AC07-77A54FEAB1C5}"
EndProject
Project("{FAE04EC0-301F-11D3-BF4B-00C04F79EFBC}") = "Core", "Core\Core.csproj", "{215CA201-6CDE-47E2-8E5B-C0137C15607D}"
EndProject
Project("{FAE04EC0-301F-11D3-BF4B-00C04F79EFBC}") = "Infrastructure", "Infrastructure\Infrastructure.csproj", "{A6DDD136-788F-483B-AB4C-DA044CE20B6F}"
EndProject
Global
	GlobalSection(SolutionConfigurationPlatforms) = preSolution
		Debug|Any CPU = Debug|Any CPU
		Release|Any CPU = Release|Any CPU
	EndGlobalSection
	GlobalSection(ProjectConfigurationPlatforms) = postSolution
		{3E00FB36-6435-48C8-AC07-77A54FEAB1C5}.Debug|Any CPU.ActiveCfg = Debug|Any CPU
		{3E00FB36-6435-48C8-AC07-77A54FEAB1C5}.Debug|Any CPU.Build.0 = Debug|Any CPU
		{3E00FB36-6435-48C8-AC07-77A54FEAB1C5}.Release|Any CPU.ActiveCfg = Release|Any CPU
		{3E00FB36-6435-48C8-AC07-77A54FEAB1C5}.Release|Any CPU.Build.0 = Release|Any CPU
		{215CA201-6CDE-47E2-8E5B-C0137C15607D}.Debug|Any CPU.ActiveCfg = Debug|Any CPU
		{215CA201-6CDE-47E2-8E5B-C0137C15607D}.Debug|Any CPU.Build.0 = Debug|Any CPU
		{215CA201-6CDE-47E2-8E5B-C0137C15607D}.Release|Any CPU.ActiveCfg = Release|Any CPU
		{215CA201-6CDE-47E2-8E5B-C0137C15607D}.Release|Any CPU.Build.0 = Release|Any CPU
		{A6DDD136-788F-483B-AB4C-DA044CE20B6F}.Debug|Any CPU.ActiveCfg = Debug|Any CPU
		{A6DDD136-788F-483B-AB4C-DA044CE20B6F}.Debug|Any CPU.Build.0 = Debug|Any CPU
		{A6DDD136-788F-483B-AB4C-DA044CE20B6F}.Release|Any CPU.ActiveCfg = Release|Any CPU
		{A6DDD136-788F-483B-AB4C-DA044CE20B6F}.Release|Any CPU.Build.0 = Release|Any CPU
	EndGlobalSection
	GlobalSection(SolutionProperties) = preSolution
		HideSolutionNode = FALSE
	EndGlobalSection
	GlobalSection(ExtensibilityGlobals) = postSolution
		SolutionGuid = {85F59A2C-D300-4C52-A6FC-4C3AD2D2DCA0}
	EndGlobalSection
EndGlobal
